// !$*UTF8*$!
{
	archiveVersion = 1;
	classes = {
	};
	objectVersion = 56;
	objects = {

/* Begin PBXBuildFile section */
		F39732E929004DBA009346AE /* AppDelegate.swift in Sources */ = {isa = PBXBuildFile; fileRef = F39732E829004DBA009346AE /* AppDelegate.swift */; };
		F39732EB29004DBA009346AE /* SceneDelegate.swift in Sources */ = {isa = PBXBuildFile; fileRef = F39732EA29004DBA009346AE /* SceneDelegate.swift */; };
		F39732ED29004DBA009346AE /* ViewController.swift in Sources */ = {isa = PBXBuildFile; fileRef = F39732EC29004DBA009346AE /* ViewController.swift */; };
		F39732F029004DBA009346AE /* Main.storyboard in Resources */ = {isa = PBXBuildFile; fileRef = F39732EE29004DBA009346AE /* Main.storyboard */; };
		F39732F229004DBC009346AE /* Assets.xcassets in Resources */ = {isa = PBXBuildFile; fileRef = F39732F129004DBC009346AE /* Assets.xcassets */; };
		F39732F529004DBC009346AE /* LaunchScreen.storyboard in Resources */ = {isa = PBXBuildFile; fileRef = F39732F329004DBC009346AE /* LaunchScreen.storyboard */; };
		F397330029004DBC009346AE /* i_m_rich2Tests.swift in Sources */ = {isa = PBXBuildFile; fileRef = F39732FF29004DBC009346AE /* i_m_rich2Tests.swift */; };
		F397330A29004DBC009346AE /* i_m_rich2UITests.swift in Sources */ = {isa = PBXBuildFile; fileRef = F397330929004DBC009346AE /* i_m_rich2UITests.swift */; };
		F397330C29004DBC009346AE /* i_m_rich2UITestsLaunchTests.swift in Sources */ = {isa = PBXBuildFile; fileRef = F397330B29004DBC009346AE /* i_m_rich2UITestsLaunchTests.swift */; };
/* End PBXBuildFile section */

/* Begin PBXContainerItemProxy section */
		F39732FC29004DBC009346AE /* PBXContainerItemProxy */ = {
			isa = PBXContainerItemProxy;
			containerPortal = F39732DD29004DBA009346AE /* Project object */;
			proxyType = 1;
			remoteGlobalIDString = F39732E429004DBA009346AE;
			remoteInfo = "i'm rich2";
		};
		F397330629004DBC009346AE /* PBXContainerItemProxy */ = {
			isa = PBXContainerItemProxy;
			containerPortal = F39732DD29004DBA009346AE /* Project object */;
			proxyType = 1;
			remoteGlobalIDString = F39732E429004DBA009346AE;
			remoteInfo = "i'm rich2";
		};
/* End PBXContainerItemProxy section */

/* Begin PBXFileReference section */
		F39732E529004DBA009346AE /* i'm rich2.app */ = {isa = PBXFileReference; explicitFileType = wrapper.application; includeInIndex = 0; path = "i'm rich2.app"; sourceTree = BUILT_PRODUCTS_DIR; };
		F39732E829004DBA009346AE /* AppDelegate.swift */ = {isa = PBXFileReference; lastKnownFileType = sourcecode.swift; path = AppDelegate.swift; sourceTree = "<group>"; };
		F39732EA29004DBA009346AE /* SceneDelegate.swift */ = {isa = PBXFileReference; lastKnownFileType = sourcecode.swift; path = SceneDelegate.swift; sourceTree = "<group>"; };
		F39732EC29004DBA009346AE /* ViewController.swift */ = {isa = PBXFileReference; lastKnownFileType = sourcecode.swift; path = ViewController.swift; sourceTree = "<group>"; };
		F39732EF29004DBA009346AE /* Base */ = {isa = PBXFileReference; lastKnownFileType = file.storyboard; name = Base; path = Base.lproj/Main.storyboard; sourceTree = "<group>"; };
		F39732F129004DBC009346AE /* Assets.xcassets */ = {isa = PBXFileReference; lastKnownFileType = folder.assetcatalog; path = Assets.xcassets; sourceTree = "<group>"; };
		F39732F429004DBC009346AE /* Base */ = {isa = PBXFileReference; lastKnownFileType = file.storyboard; name = Base; path = Base.lproj/LaunchScreen.storyboard; sourceTree = "<group>"; };
		F39732F629004DBC009346AE /* Info.plist */ = {isa = PBXFileReference; lastKnownFileType = text.plist.xml; path = Info.plist; sourceTree = "<group>"; };
		F39732FB29004DBC009346AE /* i'm rich2Tests.xctest */ = {isa = PBXFileReference; explicitFileType = wrapper.cfbundle; includeInIndex = 0; path = "i'm rich2Tests.xctest"; sourceTree = BUILT_PRODUCTS_DIR; };
		F39732FF29004DBC009346AE /* i_m_rich2Tests.swift */ = {isa = PBXFileReference; lastKnownFileType = sourcecode.swift; path = i_m_rich2Tests.swift; sourceTree = "<group>"; };
		F397330529004DBC009346AE /* i'm rich2UITests.xctest */ = {isa = PBXFileReference; explicitFileType = wrapper.cfbundle; includeInIndex = 0; path = "i'm rich2UITests.xctest"; sourceTree = BUILT_PRODUCTS_DIR; };
		F397330929004DBC009346AE /* i_m_rich2UITests.swift */ = {isa = PBXFileReference; lastKnownFileType = sourcecode.swift; path = i_m_rich2UITests.swift; sourceTree = "<group>"; };
		F397330B29004DBC009346AE /* i_m_rich2UITestsLaunchTests.swift */ = {isa = PBXFileReference; lastKnownFileType = sourcecode.swift; path = i_m_rich2UITestsLaunchTests.swift; sourceTree = "<group>"; };
/* End PBXFileReference section */

/* Begin PBXFrameworksBuildPhase section */
		F39732E229004DBA009346AE /* Frameworks */ = {
			isa = PBXFrameworksBuildPhase;
			buildActionMask = 2147483647;
			files = (
			);
			runOnlyForDeploymentPostprocessing = 0;
		};
		F39732F829004DBC009346AE /* Frameworks */ = {
			isa = PBXFrameworksBuildPhase;
			buildActionMask = 2147483647;
			files = (
			);
			runOnlyForDeploymentPostprocessing = 0;
		};
		F397330229004DBC009346AE /* Frameworks */ = {
			isa = PBXFrameworksBuildPhase;
			buildActionMask = 2147483647;
			files = (
			);
			runOnlyForDeploymentPostprocessing = 0;
		};
/* End PBXFrameworksBuildPhase section */

/* Begin PBXGroup section */
		F39732DC29004DBA009346AE = {
			isa = PBXGroup;
			children = (
				F39732E729004DBA009346AE /* i'm rich2 */,
				F39732FE29004DBC009346AE /* i'm rich2Tests */,
				F397330829004DBC009346AE /* i'm rich2UITests */,
				F39732E629004DBA009346AE /* Products */,
			);
			sourceTree = "<group>";
		};
		F39732E629004DBA009346AE /* Products */ = {
			isa = PBXGroup;
			children = (
				F39732E529004DBA009346AE /* i'm rich2.app */,
				F39732FB29004DBC009346AE /* i'm rich2Tests.xctest */,
				F397330529004DBC009346AE /* i'm rich2UITests.xctest */,
			);
			name = Products;
			sourceTree = "<group>";
		};
		F39732E729004DBA009346AE /* i'm rich2 */ = {
			isa = PBXGroup;
			children = (
				F39732E829004DBA009346AE /* AppDelegate.swift */,
				F39732EA29004DBA009346AE /* SceneDelegate.swift */,
				F39732EC29004DBA009346AE /* ViewController.swift */,
				F39732EE29004DBA009346AE /* Main.storyboard */,
				F39732F129004DBC009346AE /* Assets.xcassets */,
				F39732F329004DBC009346AE /* LaunchScreen.storyboard */,
				F39732F629004DBC009346AE /* Info.plist */,
			);
			path = "i'm rich2";
			sourceTree = "<group>";
		};
		F39732FE29004DBC009346AE /* i'm rich2Tests */ = {
			isa = PBXGroup;
			children = (
				F39732FF29004DBC009346AE /* i_m_rich2Tests.swift */,
			);
			path = "i'm rich2Tests";
			sourceTree = "<group>";
		};
		F397330829004DBC009346AE /* i'm rich2UITests */ = {
			isa = PBXGroup;
			children = (
				F397330929004DBC009346AE /* i_m_rich2UITests.swift */,
				F397330B29004DBC009346AE /* i_m_rich2UITestsLaunchTests.swift */,
			);
			path = "i'm rich2UITests";
			sourceTree = "<group>";
		};
/* End PBXGroup section */

/* Begin PBXNativeTarget section */
		F39732E429004DBA009346AE /* i'm rich2 */ = {
			isa = PBXNativeTarget;
			buildConfigurationList = F397330F29004DBC009346AE /* Build configuration list for PBXNativeTarget "i'm rich2" */;
			buildPhases = (
				F39732E129004DBA009346AE /* Sources */,
				F39732E229004DBA009346AE /* Frameworks */,
				F39732E329004DBA009346AE /* Resources */,
			);
			buildRules = (
			);
			dependencies = (
			);
			name = "i'm rich2";
			productName = "i'm rich2";
			productReference = F39732E529004DBA009346AE /* i'm rich2.app */;
			productType = "com.apple.product-type.application";
		};
		F39732FA29004DBC009346AE /* i'm rich2Tests */ = {
			isa = PBXNativeTarget;
			buildConfigurationList = F397331229004DBC009346AE /* Build configuration list for PBXNativeTarget "i'm rich2Tests" */;
			buildPhases = (
				F39732F729004DBC009346AE /* Sources */,
				F39732F829004DBC009346AE /* Frameworks */,
				F39732F929004DBC009346AE /* Resources */,
			);
			buildRules = (
			);
			dependencies = (
				F39732FD29004DBC009346AE /* PBXTargetDependency */,
			);
			name = "i'm rich2Tests";
			productName = "i'm rich2Tests";
			productReference = F39732FB29004DBC009346AE /* i'm rich2Tests.xctest */;
			productType = "com.apple.product-type.bundle.unit-test";
		};
		F397330429004DBC009346AE /* i'm rich2UITests */ = {
			isa = PBXNativeTarget;
			buildConfigurationList = F397331529004DBC009346AE /* Build configuration list for PBXNativeTarget "i'm rich2UITests" */;
			buildPhases = (
				F397330129004DBC009346AE /* Sources */,
				F397330229004DBC009346AE /* Frameworks */,
				F397330329004DBC009346AE /* Resources */,
			);
			buildRules = (
			);
			dependencies = (
				F397330729004DBC009346AE /* PBXTargetDependency */,
			);
			name = "i'm rich2UITests";
			productName = "i'm rich2UITests";
			productReference = F397330529004DBC009346AE /* i'm rich2UITests.xctest */;
			productType = "com.apple.product-type.bundle.ui-testing";
		};
/* End PBXNativeTarget section */

/* Begin PBXProject section */
		F39732DD29004DBA009346AE /* Project object */ = {
			isa = PBXProject;
			attributes = {
				BuildIndependentTargetsInParallel = 1;
				LastSwiftUpdateCheck = 1400;
				LastUpgradeCheck = 1400;
				TargetAttributes = {
					F39732E429004DBA009346AE = {
						CreatedOnToolsVersion = 14.0.1;
					};
					F39732FA29004DBC009346AE = {
						CreatedOnToolsVersion = 14.0.1;
						TestTargetID = F39732E429004DBA009346AE;
					};
					F397330429004DBC009346AE = {
						CreatedOnToolsVersion = 14.0.1;
						TestTargetID = F39732E429004DBA009346AE;
					};
				};
			};
			buildConfigurationList = F39732E029004DBA009346AE /* Build configuration list for PBXProject "i'm rich2" */;
			compatibilityVersion = "Xcode 14.0";
			developmentRegion = en;
			hasScannedForEncodings = 0;
			knownRegions = (
				en,
				Base,
			);
			mainGroup = F39732DC29004DBA009346AE;
			productRefGroup = F39732E629004DBA009346AE /* Products */;
			projectDirPath = "";
			projectRoot = "";
			targets = (
				F39732E429004DBA009346AE /* i'm rich2 */,
				F39732FA29004DBC009346AE /* i'm rich2Tests */,
				F397330429004DBC009346AE /* i'm rich2UITests */,
			);
		};
/* End PBXProject section */

/* Begin PBXResourcesBuildPhase section */
		F39732E329004DBA009346AE /* Resources */ = {
			isa = PBXResourcesBuildPhase;
			buildActionMask = 2147483647;
			files = (
				F39732F529004DBC009346AE /* LaunchScreen.storyboard in Resources */,
				F39732F229004DBC009346AE /* Assets.xcassets in Resources */,
				F39732F029004DBA009346AE /* Main.storyboard in Resources */,
			);
			runOnlyForDeploymentPostprocessing = 0;
		};
		F39732F929004DBC009346AE /* Resources */ = {
			isa = PBXResourcesBuildPhase;
			buildActionMask = 2147483647;
			files = (
			);
			runOnlyForDeploymentPostprocessing = 0;
		};
		F397330329004DBC009346AE /* Resources */ = {
			isa = PBXResourcesBuildPhase;
			buildActionMask = 2147483647;
			files = (
			);
			runOnlyForDeploymentPostprocessing = 0;
		};
/* End PBXResourcesBuildPhase section */

/* Begin PBXSourcesBuildPhase section */
		F39732E129004DBA009346AE /* Sources */ = {
			isa = PBXSourcesBuildPhase;
			buildActionMask = 2147483647;
			files = (
				F39732ED29004DBA009346AE /* ViewController.swift in Sources */,
				F39732E929004DBA009346AE /* AppDelegate.swift in Sources */,
				F39732EB29004DBA009346AE /* SceneDelegate.swift in Sources */,
			);
			runOnlyForDeploymentPostprocessing = 0;
		};
		F39732F729004DBC009346AE /* Sources */ = {
			isa = PBXSourcesBuildPhase;
			buildActionMask = 2147483647;
			files = (
				F397330029004DBC009346AE /* i_m_rich2Tests.swift in Sources */,
			);
			runOnlyForDeploymentPostprocessing = 0;
		};
		F397330129004DBC009346AE /* Sources */ = {
			isa = PBXSourcesBuildPhase;
			buildActionMask = 2147483647;
			files = (
				F397330A29004DBC009346AE /* i_m_rich2UITests.swift in Sources */,
				F397330C29004DBC009346AE /* i_m_rich2UITestsLaunchTests.swift in Sources */,
			);
			runOnlyForDeploymentPostprocessing = 0;
		};
/* End PBXSourcesBuildPhase section */

/* Begin PBXTargetDependency section */
		F39732FD29004DBC009346AE /* PBXTargetDependency */ = {
			isa = PBXTargetDependency;
			target = F39732E429004DBA009346AE /* i'm rich2 */;
			targetProxy = F39732FC29004DBC009346AE /* PBXContainerItemProxy */;
		};
		F397330729004DBC009346AE /* PBXTargetDependency */ = {
			isa = PBXTargetDependency;
			target = F39732E429004DBA009346AE /* i'm rich2 */;
			targetProxy = F397330629004DBC009346AE /* PBXContainerItemProxy */;
		};
/* End PBXTargetDependency section */

/* Begin PBXVariantGroup section */
		F39732EE29004DBA009346AE /* Main.storyboard */ = {
			isa = PBXVariantGroup;
			children = (
				F39732EF29004DBA009346AE /* Base */,
			);
			name = Main.storyboard;
			sourceTree = "<group>";
		};
		F39732F329004DBC009346AE /* LaunchScreen.storyboard */ = {
			isa = PBXVariantGroup;
			children = (
				F39732F429004DBC009346AE /* Base */,
			);
			name = LaunchScreen.storyboard;
			sourceTree = "<group>";
		};
/* End PBXVariantGroup section */

/* Begin XCBuildConfiguration section */
		F397330D29004DBC009346AE /* Debug */ = {
			isa = XCBuildConfiguration;
			buildSettings = {
				ALWAYS_SEARCH_USER_PATHS = NO;
				CLANG_ANALYZER_NONNULL = YES;
				CLANG_ANALYZER_NUMBER_OBJECT_CONVERSION = YES_AGGRESSIVE;
				CLANG_CXX_LANGUAGE_STANDARD = "gnu++20";
				CLANG_ENABLE_MODULES = YES;
				CLANG_ENABLE_OBJC_ARC = YES;
				CLANG_ENABLE_OBJC_WEAK = YES;
				CLANG_WARN_BLOCK_CAPTURE_AUTORELEASING = YES;
				CLANG_WARN_BOOL_CONVERSION = YES;
				CLANG_WARN_COMMA = YES;
				CLANG_WARN_CONSTANT_CONVERSION = YES;
				CLANG_WARN_DEPRECATED_OBJC_IMPLEMENTATIONS = YES;
				CLANG_WARN_DIRECT_OBJC_ISA_USAGE = YES_ERROR;
				CLANG_WARN_DOCUMENTATION_COMMENTS = YES;
				CLANG_WARN_EMPTY_BODY = YES;
				CLANG_WARN_ENUM_CONVERSION = YES;
				CLANG_WARN_INFINITE_RECURSION = YES;
				CLANG_WARN_INT_CONVERSION = YES;
				CLANG_WARN_NON_LITERAL_NULL_CONVERSION = YES;
				CLANG_WARN_OBJC_IMPLICIT_RETAIN_SELF = YES;
				CLANG_WARN_OBJC_LITERAL_CONVERSION = YES;
				CLANG_WARN_OBJC_ROOT_CLASS = YES_ERROR;
				CLANG_WARN_QUOTED_INCLUDE_IN_FRAMEWORK_HEADER = YES;
				CLANG_WARN_RANGE_LOOP_ANALYSIS = YES;
				CLANG_WARN_STRICT_PROTOTYPES = YES;
				CLANG_WARN_SUSPICIOUS_MOVE = YES;
				CLANG_WARN_UNGUARDED_AVAILABILITY = YES_AGGRESSIVE;
				CLANG_WARN_UNREACHABLE_CODE = YES;
				CLANG_WARN__DUPLICATE_METHOD_MATCH = YES;
				COPY_PHASE_STRIP = NO;
				DEBUG_INFORMATION_FORMAT = dwarf;
				ENABLE_STRICT_OBJC_MSGSEND = YES;
				ENABLE_TESTABILITY = YES;
				GCC_C_LANGUAGE_STANDARD = gnu11;
				GCC_DYNAMIC_NO_PIC = NO;
				GCC_NO_COMMON_BLOCKS = YES;
				GCC_OPTIMIZATION_LEVEL = 0;
				GCC_PREPROCESSOR_DEFINITIONS = (
					"DEBUG=1",
					"$(inherited)",
				);
				GCC_WARN_64_TO_32_BIT_CONVERSION = YES;
				GCC_WARN_ABOUT_RETURN_TYPE = YES_ERROR;
				GCC_WARN_UNDECLARED_SELECTOR = YES;
				GCC_WARN_UNINITIALIZED_AUTOS = YES_AGGRESSIVE;
				GCC_WARN_UNUSED_FUNCTION = YES;
				GCC_WARN_UNUSED_VARIABLE = YES;
				IPHONEOS_DEPLOYMENT_TARGET = 16.0;
				MTL_ENABLE_DEBUG_INFO = INCLUDE_SOURCE;
				MTL_FAST_MATH = YES;
				ONLY_ACTIVE_ARCH = YES;
				SDKROOT = iphoneos;
				SWIFT_ACTIVE_COMPILATION_CONDITIONS = DEBUG;
				SWIFT_OPTIMIZATION_LEVEL = "-Onone";
			};
			name = Debug;
		};
		F397330E29004DBC009346AE /* Release */ = {
			isa = XCBuildConfiguration;
			buildSettings = {
				ALWAYS_SEARCH_USER_PATHS = NO;
				CLANG_ANALYZER_NONNULL = YES;
				CLANG_ANALYZER_NUMBER_OBJECT_CONVERSION = YES_AGGRESSIVE;
				CLANG_CXX_LANGUAGE_STANDARD = "gnu++20";
				CLANG_ENABLE_MODULES = YES;
				CLANG_ENABLE_OBJC_ARC = YES;
				CLANG_ENABLE_OBJC_WEAK = YES;
				CLANG_WARN_BLOCK_CAPTURE_AUTORELEASING = YES;
				CLANG_WARN_BOOL_CONVERSION = YES;
				CLANG_WARN_COMMA = YES;
				CLANG_WARN_CONSTANT_CONVERSION = YES;
				CLANG_WARN_DEPRECATED_OBJC_IMPLEMENTATIONS = YES;
				CLANG_WARN_DIRECT_OBJC_ISA_USAGE = YES_ERROR;
				CLANG_WARN_DOCUMENTATION_COMMENTS = YES;
				CLANG_WARN_EMPTY_BODY = YES;
				CLANG_WARN_ENUM_CONVERSION = YES;
				CLANG_WARN_INFINITE_RECURSION = YES;
				CLANG_WARN_INT_CONVERSION = YES;
				CLANG_WARN_NON_LITERAL_NULL_CONVERSION = YES;
				CLANG_WARN_OBJC_IMPLICIT_RETAIN_SELF = YES;
				CLANG_WARN_OBJC_LITERAL_CONVERSION = YES;
				CLANG_WARN_OBJC_ROOT_CLASS = YES_ERROR;
				CLANG_WARN_QUOTED_INCLUDE_IN_FRAMEWORK_HEADER = YES;
				CLANG_WARN_RANGE_LOOP_ANALYSIS = YES;
				CLANG_WARN_STRICT_PROTOTYPES = YES;
				CLANG_WARN_SUSPICIOUS_MOVE = YES;
				CLANG_WARN_UNGUARDED_AVAILABILITY = YES_AGGRESSIVE;
				CLANG_WARN_UNREACHABLE_CODE = YES;
				CLANG_WARN__DUPLICATE_METHOD_MATCH = YES;
				COPY_PHASE_STRIP = NO;
				DEBUG_INFORMATION_FORMAT = "dwarf-with-dsym";
				ENABLE_NS_ASSERTIONS = NO;
				ENABLE_STRICT_OBJC_MSGSEND = YES;
				GCC_C_LANGUAGE_STANDARD = gnu11;
				GCC_NO_COMMON_BLOCKS = YES;
				GCC_WARN_64_TO_32_BIT_CONVERSION = YES;
				GCC_WARN_ABOUT_RETURN_TYPE = YES_ERROR;
				GCC_WARN_UNDECLARED_SELECTOR = YES;
				GCC_WARN_UNINITIALIZED_AUTOS = YES_AGGRESSIVE;
				GCC_WARN_UNUSED_FUNCTION = YES;
				GCC_WARN_UNUSED_VARIABLE = YES;
				IPHONEOS_DEPLOYMENT_TARGET = 16.0;
				MTL_ENABLE_DEBUG_INFO = NO;
				MTL_FAST_MATH = YES;
				SDKROOT = iphoneos;
				SWIFT_COMPILATION_MODE = wholemodule;
				SWIFT_OPTIMIZATION_LEVEL = "-O";
				VALIDATE_PRODUCT = YES;
			};
			name = Release;
		};
		F397331029004DBC009346AE /* Debug */ = {
			isa = XCBuildConfiguration;
			buildSettings = {
				ASSETCATALOG_COMPILER_APPICON_NAME = AppIcon;
				ASSETCATALOG_COMPILER_GLOBAL_ACCENT_COLOR_NAME = AccentColor;
				CODE_SIGN_STYLE = Automatic;
				CURRENT_PROJECT_VERSION = 1;
				DEVELOPMENT_TEAM = V7BNCDRP8A;
				GENERATE_INFOPLIST_FILE = YES;
				INFOPLIST_FILE = "i'm rich2/Info.plist";
				INFOPLIST_KEY_UIApplicationSupportsIndirectInputEvents = YES;
				INFOPLIST_KEY_UILaunchStoryboardName = LaunchScreen;
				INFOPLIST_KEY_UIMainStoryboardFile = Main;
				INFOPLIST_KEY_UISupportedInterfaceOrientations_iPad = "UIInterfaceOrientationPortrait UIInterfaceOrientationPortraitUpsideDown UIInterfaceOrientationLandscapeLeft UIInterfaceOrientationLandscapeRight";
				INFOPLIST_KEY_UISupportedInterfaceOrientations_iPhone = "UIInterfaceOrientationPortrait UIInterfaceOrientationLandscapeLeft UIInterfaceOrientationLandscapeRight";
				LD_RUNPATH_SEARCH_PATHS = (
					"$(inherited)",
					"@executable_path/Frameworks",
				);
				MARKETING_VERSION = 1.0;
				PRODUCT_BUNDLE_IDENTIFIER = "com.vsmm.i-m-rich2";
				PRODUCT_NAME = "$(TARGET_NAME)";
				SWIFT_EMIT_LOC_STRINGS = YES;
				SWIFT_VERSION = 5.0;
				TARGETED_DEVICE_FAMILY = "1,2";
			};
			name = Debug;
		};
		F397331129004DBC009346AE /* Release */ = {
			isa = XCBuildConfiguration;
			buildSettings = {
				ASSETCATALOG_COMPILER_APPICON_NAME = AppIcon;
				ASSETCATALOG_COMPILER_GLOBAL_ACCENT_COLOR_NAME = AccentColor;
				CODE_SIGN_STYLE = Automatic;
				CURRENT_PROJECT_VERSION = 1;
				DEVELOPMENT_TEAM = V7BNCDRP8A;
				GENERATE_INFOPLIST_FILE = YES;
				INFOPLIST_FILE = "i'm rich2/Info.plist";
				INFOPLIST_KEY_UIApplicationSupportsIndirectInputEvents = YES;
				INFOPLIST_KEY_UILaunchStoryboardName = LaunchScreen;
				INFOPLIST_KEY_UIMainStoryboardFile = Main;
				INFOPLIST_KEY_UISupportedInterfaceOrientations_iPad = "UIInterfaceOrientationPortrait UIInterfaceOrientationPortraitUpsideDown UIInterfaceOrientationLandscapeLeft UIInterfaceOrientationLandscapeRight";
				INFOPLIST_KEY_UISupportedInterfaceOrientations_iPhone = "UIInterfaceOrientationPortrait UIInterfaceOrientationLandscapeLeft UIInterfaceOrientationLandscapeRight";
				LD_RUNPATH_SEARCH_PATHS = (
					"$(inherited)",
					"@executable_path/Frameworks",
				);
				MARKETING_VERSION = 1.0;
				PRODUCT_BUNDLE_IDENTIFIER = "com.vsmm.i-m-rich2";
				PRODUCT_NAME = "$(TARGET_NAME)";
				SWIFT_EMIT_LOC_STRINGS = YES;
				SWIFT_VERSION = 5.0;
				TARGETED_DEVICE_FAMILY = "1,2";
			};
			name = Release;
		};
		F397331329004DBC009346AE /* Debug */ = {
			isa = XCBuildConfiguration;
			buildSettings = {
				ALWAYS_EMBED_SWIFT_STANDARD_LIBRARIES = YES;
				BUNDLE_LOADER = "$(TEST_HOST)";
				CODE_SIGN_STYLE = Automatic;
				CURRENT_PROJECT_VERSION = 1;
				DEVELOPMENT_TEAM = V7BNCDRP8A;
				GENERATE_INFOPLIST_FILE = YES;
				IPHONEOS_DEPLOYMENT_TARGET = 16.0;
				MARKETING_VERSION = 1.0;
				PRODUCT_BUNDLE_IDENTIFIER = "com.vsmm.i-m-rich2Tests";
				PRODUCT_NAME = "$(TARGET_NAME)";
				SWIFT_EMIT_LOC_STRINGS = NO;
				SWIFT_VERSION = 5.0;
				TARGETED_DEVICE_FAMILY = "1,2";
				TEST_HOST = "$(BUILT_PRODUCTS_DIR)/i'm rich2.app/$(BUNDLE_EXECUTABLE_FOLDER_PATH)/i'm rich2";
			};
			name = Debug;
		};
		F397331429004DBC009346AE /* Release */ = {
			isa = XCBuildConfiguration;
			buildSettings = {
				ALWAYS_EMBED_SWIFT_STANDARD_LIBRARIES = YES;
				BUNDLE_LOADER = "$(TEST_HOST)";
				CODE_SIGN_STYLE = Automatic;
				CURRENT_PROJECT_VERSION = 1;
				DEVELOPMENT_TEAM = V7BNCDRP8A;
				GENERATE_INFOPLIST_FILE = YES;
				IPHONEOS_DEPLOYMENT_TARGET = 16.0;
				MARKETING_VERSION = 1.0;
				PRODUCT_BUNDLE_IDENTIFIER = "com.vsmm.i-m-rich2Tests";
				PRODUCT_NAME = "$(TARGET_NAME)";
				SWIFT_EMIT_LOC_STRINGS = NO;
				SWIFT_VERSION = 5.0;
				TARGETED_DEVICE_FAMILY = "1,2";
				TEST_HOST = "$(BUILT_PRODUCTS_DIR)/i'm rich2.app/$(BUNDLE_EXECUTABLE_FOLDER_PATH)/i'm rich2";
			};
			name = Release;
		};
		F397331629004DBC009346AE /* Debug */ = {
			isa = XCBuildConfiguration;
			buildSettings = {
				ALWAYS_EMBED_SWIFT_STANDARD_LIBRARIES = YES;
				CODE_SIGN_STYLE = Automatic;
				CURRENT_PROJECT_VERSION = 1;
				DEVELOPMENT_TEAM = V7BNCDRP8A;
				GENERATE_INFOPLIST_FILE = YES;
				MARKETING_VERSION = 1.0;
				PRODUCT_BUNDLE_IDENTIFIER = "com.vsmm.i-m-rich2UITests";
				PRODUCT_NAME = "$(TARGET_NAME)";
				SWIFT_EMIT_LOC_STRINGS = NO;
				SWIFT_VERSION = 5.0;
				TARGETED_DEVICE_FAMILY = "1,2";
				TEST_TARGET_NAME = "i'm rich2";
			};
			name = Debug;
		};
		F397331729004DBC009346AE /* Release */ = {
			isa = XCBuildConfiguration;
			buildSettings = {
				ALWAYS_EMBED_SWIFT_STANDARD_LIBRARIES = YES;
				CODE_SIGN_STYLE = Automatic;
				CURRENT_PROJECT_VERSION = 1;
				DEVELOPMENT_TEAM = V7BNCDRP8A;
				GENERATE_INFOPLIST_FILE = YES;
				MARKETING_VERSION = 1.0;
				PRODUCT_BUNDLE_IDENTIFIER = "com.vsmm.i-m-rich2UITests";
				PRODUCT_NAME = "$(TARGET_NAME)";
				SWIFT_EMIT_LOC_STRINGS = NO;
				SWIFT_VERSION = 5.0;
				TARGETED_DEVICE_FAMILY = "1,2";
				TEST_TARGET_NAME = "i'm rich2";
			};
			name = Release;
		};
/* End XCBuildConfiguration section */

/* Begin XCConfigurationList section */
		F39732E029004DBA009346AE /* Build configuration list for PBXProject "i'm rich2" */ = {
			isa = XCConfigurationList;
			buildConfigurations = (
				F397330D29004DBC009346AE /* Debug */,
				F397330E29004DBC009346AE /* Release */,
			);
			defaultConfigurationIsVisible = 0;
			defaultConfigurationName = Release;
		};
		F397330F29004DBC009346AE /* Build configuration list for PBXNativeTarget "i'm rich2" */ = {
			isa = XCConfigurationList;
			buildConfigurations = (
				F397331029004DBC009346AE /* Debug */,
				F397331129004DBC009346AE /* Release */,
			);
			defaultConfigurationIsVisible = 0;
			defaultConfigurationName = Release;
		};
		F397331229004DBC009346AE /* Build configuration list for PBXNativeTarget "i'm rich2Tests" */ = {
			isa = XCConfigurationList;
			buildConfigurations = (
				F397331329004DBC009346AE /* Debug */,
				F397331429004DBC009346AE /* Release */,
			);
			defaultConfigurationIsVisible = 0;
			defaultConfigurationName = Release;
		};
		F397331529004DBC009346AE /* Build configuration list for PBXNativeTarget "i'm rich2UITests" */ = {
			isa = XCConfigurationList;
			buildConfigurations = (
				F397331629004DBC009346AE /* Debug */,
				F397331729004DBC009346AE /* Release */,
			);
			defaultConfigurationIsVisible = 0;
			defaultConfigurationName = Release;
		};
/* End XCConfigurationList section */
	};
	rootObject = F39732DD29004DBA009346AE /* Project object */;
}
